
Microsoft Visual Studio Solution File, Format Version 12.00
# Visual Studio Version 16
VisualStudioVersion = 16.0.31313.79
MinimumVisualStudioVersion = 10.0.40219.1
Project("{9A19103F-16F7-4668-BE54-9A1E7A4F7556}") = "RetrospectiveAPI", "RetrospectiveAPI\RetrospectiveAPI.csproj", "{CF567C91-47E7-4633-9831-E334A5CC26A6}"
EndProject
Project("{9A19103F-16F7-4668-BE54-9A1E7A4F7556}") = "MongoDBFunctions", "MongoDBFunctions\MongoDBFunctions.csproj", "{46EF0DA1-F38D-4F98-B171-17E2600579D6}"
EndProject
Project("{FAE04EC0-301F-11D3-BF4B-00C04F79EFBC}") = "Contracts", "Contracts\Contracts.csproj", "{458186E4-6F81-44D2-923F-992017B3AA52}"
EndProject
Global
	GlobalSection(SolutionConfigurationPlatforms) = preSolution
		Debug|Any CPU = Debug|Any CPU
		Release|Any CPU = Release|Any CPU
	EndGlobalSection
	GlobalSection(ProjectConfigurationPlatforms) = postSolution
		{CF567C91-47E7-4633-9831-E334A5CC26A6}.Debug|Any CPU.ActiveCfg = Debug|Any CPU
		{CF567C91-47E7-4633-9831-E334A5CC26A6}.Debug|Any CPU.Build.0 = Debug|Any CPU
		{CF567C91-47E7-4633-9831-E334A5CC26A6}.Release|Any CPU.ActiveCfg = Release|Any CPU
		{CF567C91-47E7-4633-9831-E334A5CC26A6}.Release|Any CPU.Build.0 = Release|Any CPU
		{46EF0DA1-F38D-4F98-B171-17E2600579D6}.Debug|Any CPU.ActiveCfg = Debug|Any CPU
		{46EF0DA1-F38D-4F98-B171-17E2600579D6}.Debug|Any CPU.Build.0 = Debug|Any CPU
		{46EF0DA1-F38D-4F98-B171-17E2600579D6}.Release|Any CPU.ActiveCfg = Release|Any CPU
		{46EF0DA1-F38D-4F98-B171-17E2600579D6}.Release|Any CPU.Build.0 = Release|Any CPU
		{458186E4-6F81-44D2-923F-992017B3AA52}.Debug|Any CPU.ActiveCfg = Debug|Any CPU
		{458186E4-6F81-44D2-923F-992017B3AA52}.Debug|Any CPU.Build.0 = Debug|Any CPU
		{458186E4-6F81-44D2-923F-992017B3AA52}.Release|Any CPU.ActiveCfg = Release|Any CPU
		{458186E4-6F81-44D2-923F-992017B3AA52}.Release|Any CPU.Build.0 = Release|Any CPU
	EndGlobalSection
	GlobalSection(SolutionProperties) = preSolution
		HideSolutionNode = FALSE
	EndGlobalSection
	GlobalSection(ExtensibilityGlobals) = postSolution
		SolutionGuid = {215B4552-D003-41AB-A503-C1BB4ACD21CB}
	EndGlobalSection
EndGlobal
